schema: '2.0'
stages:
  pre_processing:
    cmd: python src/data_preprocessing.py
    deps:
    - path: data/ingestion
      hash: md5
      md5: ccf33bc12831f2b6cd9408bc83a9fd99.dir
      size: 89372
      nfiles: 2
    - path: src/data_preprocessing.py
      hash: md5
      md5: 21be89063dec226558356b950cbeb97e
      size: 4577
    outs:
    - path: data/preprocessing
      hash: md5
      md5: a1425456117c6ffeae17b694fc4ee2ab.dir
      size: 291147
      nfiles: 2
  feature_engineering:
    cmd: python src/feature_engineering.py
    deps:
    - path: data/preprocessing
      hash: md5
      md5: a1425456117c6ffeae17b694fc4ee2ab.dir
      size: 291147
      nfiles: 2
    - path: src/feature_engineering.py
      hash: md5
      md5: fcaf96fdf2df24cf8e6dfd98e5192f44
      size: 3959
    outs:
    - path: data/feature_engineering
      hash: md5
      md5: de1bf9112be13252f1e71c218c3d235a.dir
      size: 282203
      nfiles: 2
  model_development:
    cmd: python src/model_development.py
    deps:
    - path: data/feature_engineering
      hash: md5
      md5: de1bf9112be13252f1e71c218c3d235a.dir
      size: 282203
      nfiles: 2
    - path: src/model_development.py
      hash: md5
      md5: af3f99d578d3d970dcb3aff91839579c
      size: 2640
    outs:
    - path: models
      hash: md5
      md5: 9c675be80d3f9ce8484bf2af72830d88.dir
      size: 16230817
      nfiles: 1
  evaluation:
    cmd: python src/model_evaluation.py
    deps:
    - path: models
      hash: md5
      md5: 9c675be80d3f9ce8484bf2af72830d88.dir
      size: 16230817
      nfiles: 1
    - path: src/model_evaluation.py
      hash: md5
      md5: eb4e7f0680e6c6322b0d37cf174a409c
      size: 3449
    outs:
    - path: evaluation
      hash: md5
      md5: 5a0c315414e5519efc953d9e1aa321b5.dir
      size: 105
      nfiles: 1
  ingestion:
    cmd: python src/data_ingestion.py
    deps:
    - path: src/data_ingestion.py
      hash: md5
      md5: 8f6cdf122fcf53b6beda67a55ee66f2c
      size: 2265
    params:
      params.yaml:
        ingestion_params:
          test_size: 0.11
          random_state: 45
    outs:
    - path: data/ingestion
      hash: md5
      md5: ccf33bc12831f2b6cd9408bc83a9fd99.dir
      size: 89372
      nfiles: 2
